
Microsoft Visual Studio Solution File, Format Version 12.00
# Visual Studio Version 17
VisualStudioVersion = 17.14.36401.2 d17.14
MinimumVisualStudioVersion = 10.0.40219.1
Project("{FAE04EC0-301F-11D3-BF4B-00C04F79EFBC}") = "Practice_2", "Practice_2\Practice_2.csproj", "{63C0816C-9C21-4250-BFFD-02F01AE1B15D}"
EndProject
Global
	GlobalSection(SolutionConfigurationPlatforms) = preSolution
		Debug|Any CPU = Debug|Any CPU
		Release|Any CPU = Release|Any CPU
	EndGlobalSection
	GlobalSection(ProjectConfigurationPlatforms) = postSolution
		{63C0816C-9C21-4250-BFFD-02F01AE1B15D}.Debug|Any CPU.ActiveCfg = Debug|Any CPU
		{63C0816C-9C21-4250-BFFD-02F01AE1B15D}.Debug|Any CPU.Build.0 = Debug|Any CPU
		{63C0816C-9C21-4250-BFFD-02F01AE1B15D}.Release|Any CPU.ActiveCfg = Release|Any CPU
		{63C0816C-9C21-4250-BFFD-02F01AE1B15D}.Release|Any CPU.Build.0 = Release|Any CPU
	EndGlobalSection
	GlobalSection(SolutionProperties) = preSolution
		HideSolutionNode = FALSE
	EndGlobalSection
	GlobalSection(ExtensibilityGlobals) = postSolution
		SolutionGuid = {A15FA5B9-D9F7-422B-B667-9A6142354C2D}
	EndGlobalSection
EndGlobal
